{
  "requires": true,
  "lockfileVersion": 1,
  "dependencies": {
    "metro4-dist": {
      "version": "4.2.41",
      "resolved": "https://registry.npmjs.org/metro4-dist/-/metro4-dist-4.2.41.tgz",
      "integrity": "sha512-rZopP/2ifruzUbebS0dki3s7mwlA/Anyg1CSHSAGLKeT5Zk+JKphP1q+i3qQFDP+7Ht/vpDUl9YYtTXnsGgezw=="
    }
  }
}
